
Microsoft Visual Studio Solution File, Format Version 12.00
# Visual Studio 15
VisualStudioVersion = 15.0.27130.2027
MinimumVisualStudioVersion = 10.0.40219.1
Project("{9A19103F-16F7-4668-BE54-9A1E7A4F7556}") = "Comments", "comments\Comments.csproj", "{222AED41-3F65-415F-9C6E-F4124638890C}"
EndProject
Project("{FAE04EC0-301F-11D3-BF4B-00C04F79EFBC}") = "Comments.Test", "Comments.Test\Comments.Test.csproj", "{16435EA8-8B15-4F8F-9E08-85D527872DAD}"
EndProject
Global
	GlobalSection(SolutionConfigurationPlatforms) = preSolution
		Debug|Any CPU = Debug|Any CPU
		Release|Any CPU = Release|Any CPU
	EndGlobalSection
	GlobalSection(ProjectConfigurationPlatforms) = postSolution
		{222AED41-3F65-415F-9C6E-F4124638890C}.Debug|Any CPU.ActiveCfg = Debug|Any CPU
		{222AED41-3F65-415F-9C6E-F4124638890C}.Debug|Any CPU.Build.0 = Debug|Any CPU
		{222AED41-3F65-415F-9C6E-F4124638890C}.Release|Any CPU.ActiveCfg = Release|Any CPU
		{222AED41-3F65-415F-9C6E-F4124638890C}.Release|Any CPU.Build.0 = Release|Any CPU
		{16435EA8-8B15-4F8F-9E08-85D527872DAD}.Debug|Any CPU.ActiveCfg = Debug|Any CPU
		{16435EA8-8B15-4F8F-9E08-85D527872DAD}.Debug|Any CPU.Build.0 = Debug|Any CPU
		{16435EA8-8B15-4F8F-9E08-85D527872DAD}.Release|Any CPU.ActiveCfg = Release|Any CPU
		{16435EA8-8B15-4F8F-9E08-85D527872DAD}.Release|Any CPU.Build.0 = Release|Any CPU
	EndGlobalSection
	GlobalSection(SolutionProperties) = preSolution
		HideSolutionNode = FALSE
	EndGlobalSection
	GlobalSection(ExtensibilityGlobals) = postSolution
		SolutionGuid = {9889DD65-51C9-435A-998A-CF0BA8AA3921}
	EndGlobalSection
EndGlobal
